
Microsoft Visual Studio Solution File, Format Version 12.00
# Visual Studio Version 16
VisualStudioVersion = 16.0.29519.87
MinimumVisualStudioVersion = 10.0.40219.1
Project("{FAE04EC0-301F-11D3-BF4B-00C04F79EFBC}") = "DatabaseAccess", "DatabaseAccess.csproj", "{994634FB-1E78-401C-A8FE-8BCCF4BE3282}"
EndProject
Global
	GlobalSection(SolutionConfigurationPlatforms) = preSolution
		Debug|Any CPU = Debug|Any CPU
		Release|Any CPU = Release|Any CPU
	EndGlobalSection
	GlobalSection(ProjectConfigurationPlatforms) = postSolution
		{994634FB-1E78-401C-A8FE-8BCCF4BE3282}.Debug|Any CPU.ActiveCfg = Debug|Any CPU
		{994634FB-1E78-401C-A8FE-8BCCF4BE3282}.Debug|Any CPU.Build.0 = Debug|Any CPU
		{994634FB-1E78-401C-A8FE-8BCCF4BE3282}.Release|Any CPU.ActiveCfg = Release|Any CPU
		{994634FB-1E78-401C-A8FE-8BCCF4BE3282}.Release|Any CPU.Build.0 = Release|Any CPU
	EndGlobalSection
	GlobalSection(SolutionProperties) = preSolution
		HideSolutionNode = FALSE
	EndGlobalSection
	GlobalSection(ExtensibilityGlobals) = postSolution
		SolutionGuid = {913F0F5D-A72B-45DD-9595-403F9CD1EADE}
	EndGlobalSection
EndGlobal
